
Microsoft Visual Studio Solution File, Format Version 12.00
# Visual Studio Version 17
VisualStudioVersion = 17.11.35327.3
MinimumVisualStudioVersion = 10.0.40219.1
Project("{8BC9CEB8-8B4A-11D0-8D11-00A0C91BC942}") = "Pet_animal", "Pet_animal.vcxproj", "{59D8811F-7A26-4748-A898-F301320D41DA}"
EndProject
Global
	GlobalSection(SolutionConfigurationPlatforms) = preSolution
		Debug|x64 = Debug|x64
		Debug|x86 = Debug|x86
		Release|x64 = Release|x64
		Release|x86 = Release|x86
	EndGlobalSection
	GlobalSection(ProjectConfigurationPlatforms) = postSolution
		{59D8811F-7A26-4748-A898-F301320D41DA}.Debug|x64.ActiveCfg = Debug|x64
		{59D8811F-7A26-4748-A898-F301320D41DA}.Debug|x64.Build.0 = Debug|x64
		{59D8811F-7A26-4748-A898-F301320D41DA}.Debug|x86.ActiveCfg = Debug|Win32
		{59D8811F-7A26-4748-A898-F301320D41DA}.Debug|x86.Build.0 = Debug|Win32
		{59D8811F-7A26-4748-A898-F301320D41DA}.Release|x64.ActiveCfg = Release|x64
		{59D8811F-7A26-4748-A898-F301320D41DA}.Release|x64.Build.0 = Release|x64
		{59D8811F-7A26-4748-A898-F301320D41DA}.Release|x86.ActiveCfg = Release|Win32
		{59D8811F-7A26-4748-A898-F301320D41DA}.Release|x86.Build.0 = Release|Win32
	EndGlobalSection
	GlobalSection(SolutionProperties) = preSolution
		HideSolutionNode = FALSE
	EndGlobalSection
	GlobalSection(ExtensibilityGlobals) = postSolution
		SolutionGuid = {7630C382-6EAA-4479-A63D-69CBE47E43F0}
	EndGlobalSection
EndGlobal
